
Microsoft Visual Studio Solution File, Format Version 12.00
# Visual Studio 15
Project("{FAE04EC0-301F-11D3-BF4B-00C04F79EFBC}") = "CodeLifter.CovidTrackingCom", "CodeLifter.CovidTrackingCom\CodeLifter.CovidTrackingCom.csproj", "{58550735-E5A1-4CCE-8CF0-2E5D7524B9BF}"
EndProject
Project("{FAE04EC0-301F-11D3-BF4B-00C04F79EFBC}") = "CodeLifter.CovidTrackingCom.Demo", "CodeLifter.CovidTrackingCom.Demo\CodeLifter.CovidTrackingCom.Demo.csproj", "{457861C5-FBD8-4E11-8CAF-4B08D4FDF153}"
EndProject
Project("{FAE04EC0-301F-11D3-BF4B-00C04F79EFBC}") = "CodeLifter.CovidTrackingCom.Test", "CodeLifter.CovidTrackingCom.Test\CodeLifter.CovidTrackingCom.Test.csproj", "{CA5BE2FB-A451-4DA7-A9AC-8031659EF19F}"
EndProject
Project("{2150E333-8FDC-42A3-9474-1A3956D46DE8}") = "Solution Items", "Solution Items", "{B6F3F3CC-042F-4BB0-807D-DD5CCC58D087}"
	ProjectSection(SolutionItems) = preProject
		LICENSE.md = LICENSE.md
		README.md = README.md
	EndProjectSection
EndProject
Global
	GlobalSection(SolutionConfigurationPlatforms) = preSolution
		Debug|Any CPU = Debug|Any CPU
		Release|Any CPU = Release|Any CPU
	EndGlobalSection
	GlobalSection(ProjectConfigurationPlatforms) = postSolution
		{58550735-E5A1-4CCE-8CF0-2E5D7524B9BF}.Debug|Any CPU.ActiveCfg = Debug|Any CPU
		{58550735-E5A1-4CCE-8CF0-2E5D7524B9BF}.Debug|Any CPU.Build.0 = Debug|Any CPU
		{58550735-E5A1-4CCE-8CF0-2E5D7524B9BF}.Release|Any CPU.ActiveCfg = Release|Any CPU
		{58550735-E5A1-4CCE-8CF0-2E5D7524B9BF}.Release|Any CPU.Build.0 = Release|Any CPU
		{457861C5-FBD8-4E11-8CAF-4B08D4FDF153}.Debug|Any CPU.ActiveCfg = Debug|Any CPU
		{457861C5-FBD8-4E11-8CAF-4B08D4FDF153}.Debug|Any CPU.Build.0 = Debug|Any CPU
		{457861C5-FBD8-4E11-8CAF-4B08D4FDF153}.Release|Any CPU.ActiveCfg = Release|Any CPU
		{457861C5-FBD8-4E11-8CAF-4B08D4FDF153}.Release|Any CPU.Build.0 = Release|Any CPU
		{CA5BE2FB-A451-4DA7-A9AC-8031659EF19F}.Debug|Any CPU.ActiveCfg = Debug|Any CPU
		{CA5BE2FB-A451-4DA7-A9AC-8031659EF19F}.Debug|Any CPU.Build.0 = Debug|Any CPU
		{CA5BE2FB-A451-4DA7-A9AC-8031659EF19F}.Release|Any CPU.ActiveCfg = Release|Any CPU
		{CA5BE2FB-A451-4DA7-A9AC-8031659EF19F}.Release|Any CPU.Build.0 = Release|Any CPU
	EndGlobalSection
EndGlobal
